
Microsoft Visual Studio Solution File, Format Version 12.00
# Visual Studio 2012
Project("{FAE04EC0-301F-11D3-BF4B-00C04F79EFBC}") = "WebFormularios", "WebFormularios\WebFormularios.csproj", "{E57CF287-7CC3-45B7-BBB7-FDB597D4F07B}"
EndProject
Project("{FAE04EC0-301F-11D3-BF4B-00C04F79EFBC}") = "Controle", "Controle\Controle.csproj", "{5EF6F684-FAED-4F24-81FE-E6E7BAF52A8E}"
EndProject
Project("{FAE04EC0-301F-11D3-BF4B-00C04F79EFBC}") = "BancoDados", "BancoDados\BancoDados.csproj", "{CFE3D518-BE18-4DE6-AD40-D6946DFC709F}"
EndProject
Global
	GlobalSection(SolutionConfigurationPlatforms) = preSolution
		Debug|Any CPU = Debug|Any CPU
		Release|Any CPU = Release|Any CPU
	EndGlobalSection
	GlobalSection(ProjectConfigurationPlatforms) = postSolution
		{E57CF287-7CC3-45B7-BBB7-FDB597D4F07B}.Debug|Any CPU.ActiveCfg = Debug|Any CPU
		{E57CF287-7CC3-45B7-BBB7-FDB597D4F07B}.Debug|Any CPU.Build.0 = Debug|Any CPU
		{E57CF287-7CC3-45B7-BBB7-FDB597D4F07B}.Release|Any CPU.ActiveCfg = Release|Any CPU
		{E57CF287-7CC3-45B7-BBB7-FDB597D4F07B}.Release|Any CPU.Build.0 = Release|Any CPU
		{5EF6F684-FAED-4F24-81FE-E6E7BAF52A8E}.Debug|Any CPU.ActiveCfg = Debug|Any CPU
		{5EF6F684-FAED-4F24-81FE-E6E7BAF52A8E}.Debug|Any CPU.Build.0 = Debug|Any CPU
		{5EF6F684-FAED-4F24-81FE-E6E7BAF52A8E}.Release|Any CPU.ActiveCfg = Release|Any CPU
		{5EF6F684-FAED-4F24-81FE-E6E7BAF52A8E}.Release|Any CPU.Build.0 = Release|Any CPU
		{CFE3D518-BE18-4DE6-AD40-D6946DFC709F}.Debug|Any CPU.ActiveCfg = Debug|Any CPU
		{CFE3D518-BE18-4DE6-AD40-D6946DFC709F}.Debug|Any CPU.Build.0 = Debug|Any CPU
		{CFE3D518-BE18-4DE6-AD40-D6946DFC709F}.Release|Any CPU.ActiveCfg = Release|Any CPU
		{CFE3D518-BE18-4DE6-AD40-D6946DFC709F}.Release|Any CPU.Build.0 = Release|Any CPU
	EndGlobalSection
	GlobalSection(SolutionProperties) = preSolution
		HideSolutionNode = FALSE
	EndGlobalSection
EndGlobal
